
Microsoft Visual Studio Solution File, Format Version 12.00
# Visual Studio 15
Project("{FAE04EC0-301F-11D3-BF4B-00C04F79EFBC}") = "UnityTCPComms", "UnityTCPComms\UnityTCPComms.csproj", "{2504D415-E2DC-46A4-A597-27B2C31FD54B}"
EndProject
Global
	GlobalSection(SolutionConfigurationPlatforms) = preSolution
		Debug|Any CPU = Debug|Any CPU
		Release|Any CPU = Release|Any CPU
	EndGlobalSection
	GlobalSection(ProjectConfigurationPlatforms) = postSolution
		{2504D415-E2DC-46A4-A597-27B2C31FD54B}.Debug|Any CPU.ActiveCfg = Debug|Any CPU
		{2504D415-E2DC-46A4-A597-27B2C31FD54B}.Debug|Any CPU.Build.0 = Debug|Any CPU
		{2504D415-E2DC-46A4-A597-27B2C31FD54B}.Release|Any CPU.ActiveCfg = Release|Any CPU
		{2504D415-E2DC-46A4-A597-27B2C31FD54B}.Release|Any CPU.Build.0 = Release|Any CPU
	EndGlobalSection
EndGlobal
